// !$*UTF8*$!
{
	archiveVersion = 1;
	classes = {
	};
	objectVersion = 56;
	objects = {

/* Begin PBXBuildFile section */
		AC40C9CC2BB98CD20045CD1A /* AppDelegate.swift in Sources */ = {isa = PBXBuildFile; fileRef = AC40C9CB2BB98CD20045CD1A /* AppDelegate.swift */; };
		AC40C9CE2BB98CD20045CD1A /* SceneDelegate.swift in Sources */ = {isa = PBXBuildFile; fileRef = AC40C9CD2BB98CD20045CD1A /* SceneDelegate.swift */; };
		AC40C9D02BB98CD20045CD1A /* UserAuthorizationViewController.swift in Sources */ = {isa = PBXBuildFile; fileRef = AC40C9CF2BB98CD20045CD1A /* UserAuthorizationViewController.swift */; };
		AC40C9D52BB98CD50045CD1A /* Assets.xcassets in Resources */ = {isa = PBXBuildFile; fileRef = AC40C9D42BB98CD50045CD1A /* Assets.xcassets */; };
		AC40C9D82BB98CD50045CD1A /* Base in Resources */ = {isa = PBXBuildFile; fileRef = AC40C9D72BB98CD50045CD1A /* Base */; };
		AC40C9E42BB9CFEB0045CD1A /* UserSessionManager.swift in Sources */ = {isa = PBXBuildFile; fileRef = AC40C9E32BB9CFEB0045CD1A /* UserSessionManager.swift */; };
		AC40C9E62BB9D04F0045CD1A /* UserAuthorizationView.swift in Sources */ = {isa = PBXBuildFile; fileRef = AC40C9E52BB9D04F0045CD1A /* UserAuthorizationView.swift */; };
		AC40C9E92BB9D41B0045CD1A /* SnapKit in Frameworks */ = {isa = PBXBuildFile; productRef = AC40C9E82BB9D41B0045CD1A /* SnapKit */; };
		AC4C086B2BBFF73D00F9FEB5 /* ProductModel.swift in Sources */ = {isa = PBXBuildFile; fileRef = AC4C086A2BBFF73D00F9FEB5 /* ProductModel.swift */; };
		AC4C086D2BBFF96800F9FEB5 /* JSONParser.swift in Sources */ = {isa = PBXBuildFile; fileRef = AC4C086C2BBFF96800F9FEB5 /* JSONParser.swift */; };
		AC4C086E2BC006EC00F9FEB5 /* Product.json in Resources */ = {isa = PBXBuildFile; fileRef = AC4C08692BBFF59A00F9FEB5 /* Product.json */; };
		AC504CF72BC176D10038DAD7 /* DescriptionViewController.swift in Sources */ = {isa = PBXBuildFile; fileRef = AC504CF62BC176D10038DAD7 /* DescriptionViewController.swift */; };
		AC504CF92BC17B510038DAD7 /* Model.swift in Sources */ = {isa = PBXBuildFile; fileRef = AC504CF82BC17B510038DAD7 /* Model.swift */; };
		AC6AEAB92BBBF7D1008E058A /* SplashView.swift in Sources */ = {isa = PBXBuildFile; fileRef = AC6AEAB82BBBF7D1008E058A /* SplashView.swift */; };
		AC6AEABB2BBBFF51008E058A /* AuthorizationView.swift in Sources */ = {isa = PBXBuildFile; fileRef = AC6AEABA2BBBFF51008E058A /* AuthorizationView.swift */; };
		AC6AEABD2BBC02AA008E058A /* SplashViewController.swift in Sources */ = {isa = PBXBuildFile; fileRef = AC6AEABC2BBC02AA008E058A /* SplashViewController.swift */; };
		AC6AEAC12BBC14BB008E058A /* CategoryCell.swift in Sources */ = {isa = PBXBuildFile; fileRef = AC6AEAC02BBC14BB008E058A /* CategoryCell.swift */; };
		AC6FE6DB2BBF4B4900230010 /* ShoppingCartViewController.swift in Sources */ = {isa = PBXBuildFile; fileRef = AC6FE6DA2BBF4B4900230010 /* ShoppingCartViewController.swift */; };
		AC6FE6DD2BBF4B5900230010 /* NavigationViewController.swift in Sources */ = {isa = PBXBuildFile; fileRef = AC6FE6DC2BBF4B5900230010 /* NavigationViewController.swift */; };
		AC6FE6DF2BBF4B6900230010 /* UserProfileViewController.swift in Sources */ = {isa = PBXBuildFile; fileRef = AC6FE6DE2BBF4B6900230010 /* UserProfileViewController.swift */; };
		AC6FE6E12BBF4BD600230010 /* TabBarController.swift in Sources */ = {isa = PBXBuildFile; fileRef = AC6FE6E02BBF4BD600230010 /* TabBarController.swift */; };
		AC7127342BBBE15A001FC126 /* UserProfileView.swift in Sources */ = {isa = PBXBuildFile; fileRef = AC7127332BBBE15A001FC126 /* UserProfileView.swift */; };
		ACA8B3D02BBEFF0E00918E5A /* ProductCell.swift in Sources */ = {isa = PBXBuildFile; fileRef = ACA8B3CF2BBEFF0E00918E5A /* ProductCell.swift */; };
		ACA8B3D22BBF04E800918E5A /* MainViewController.swift in Sources */ = {isa = PBXBuildFile; fileRef = ACA8B3D12BBF04E800918E5A /* MainViewController.swift */; };
		ACA8B3D52BBF112800918E5A /* UIColor.swift in Sources */ = {isa = PBXBuildFile; fileRef = ACA8B3D42BBF112800918E5A /* UIColor.swift */; };
		ACC815352BBB39E60077640E /* User.swift in Sources */ = {isa = PBXBuildFile; fileRef = ACC815342BBB39E60077640E /* User.swift */; };
		ACC815372BBB47250077640E /* UserViewController.swift in Sources */ = {isa = PBXBuildFile; fileRef = ACC815362BBB47250077640E /* UserViewController.swift */; };
		ACFD8B962BBD6740009DD2B2 /* AuthorizationViewController.swift in Sources */ = {isa = PBXBuildFile; fileRef = ACFD8B952BBD6740009DD2B2 /* AuthorizationViewController.swift */; };
/* End PBXBuildFile section */

/* Begin PBXFileReference section */
		AC40C9C82BB98CD20045CD1A /* MyStoreProject.app */ = {isa = PBXFileReference; explicitFileType = wrapper.application; includeInIndex = 0; path = MyStoreProject.app; sourceTree = BUILT_PRODUCTS_DIR; };
		AC40C9CB2BB98CD20045CD1A /* AppDelegate.swift */ = {isa = PBXFileReference; lastKnownFileType = sourcecode.swift; path = AppDelegate.swift; sourceTree = "<group>"; };
		AC40C9CD2BB98CD20045CD1A /* SceneDelegate.swift */ = {isa = PBXFileReference; lastKnownFileType = sourcecode.swift; path = SceneDelegate.swift; sourceTree = "<group>"; };
		AC40C9CF2BB98CD20045CD1A /* UserAuthorizationViewController.swift */ = {isa = PBXFileReference; lastKnownFileType = sourcecode.swift; path = UserAuthorizationViewController.swift; sourceTree = "<group>"; };
		AC40C9D42BB98CD50045CD1A /* Assets.xcassets */ = {isa = PBXFileReference; lastKnownFileType = folder.assetcatalog; path = Assets.xcassets; sourceTree = "<group>"; };
		AC40C9D72BB98CD50045CD1A /* Base */ = {isa = PBXFileReference; lastKnownFileType = file.storyboard; name = Base; path = Base.lproj/LaunchScreen.storyboard; sourceTree = "<group>"; };
		AC40C9D92BB98CD50045CD1A /* Info.plist */ = {isa = PBXFileReference; lastKnownFileType = text.plist.xml; path = Info.plist; sourceTree = "<group>"; };
		AC40C9E32BB9CFEB0045CD1A /* UserSessionManager.swift */ = {isa = PBXFileReference; lastKnownFileType = sourcecode.swift; path = UserSessionManager.swift; sourceTree = "<group>"; };
		AC40C9E52BB9D04F0045CD1A /* UserAuthorizationView.swift */ = {isa = PBXFileReference; lastKnownFileType = sourcecode.swift; path = UserAuthorizationView.swift; sourceTree = "<group>"; };
		AC4C08692BBFF59A00F9FEB5 /* Product.json */ = {isa = PBXFileReference; lastKnownFileType = text.json; path = Product.json; sourceTree = "<group>"; };
		AC4C086A2BBFF73D00F9FEB5 /* ProductModel.swift */ = {isa = PBXFileReference; lastKnownFileType = sourcecode.swift; path = ProductModel.swift; sourceTree = "<group>"; };
		AC4C086C2BBFF96800F9FEB5 /* JSONParser.swift */ = {isa = PBXFileReference; lastKnownFileType = sourcecode.swift; path = JSONParser.swift; sourceTree = "<group>"; };
		AC504CF62BC176D10038DAD7 /* DescriptionViewController.swift */ = {isa = PBXFileReference; lastKnownFileType = sourcecode.swift; path = DescriptionViewController.swift; sourceTree = "<group>"; };
		AC504CF82BC17B510038DAD7 /* Model.swift */ = {isa = PBXFileReference; lastKnownFileType = sourcecode.swift; path = Model.swift; sourceTree = "<group>"; };
		AC6AEAB82BBBF7D1008E058A /* SplashView.swift */ = {isa = PBXFileReference; lastKnownFileType = sourcecode.swift; path = SplashView.swift; sourceTree = "<group>"; };
		AC6AEABA2BBBFF51008E058A /* AuthorizationView.swift */ = {isa = PBXFileReference; lastKnownFileType = sourcecode.swift; path = AuthorizationView.swift; sourceTree = "<group>"; };
		AC6AEABC2BBC02AA008E058A /* SplashViewController.swift */ = {isa = PBXFileReference; lastKnownFileType = sourcecode.swift; path = SplashViewController.swift; sourceTree = "<group>"; };
		AC6AEAC02BBC14BB008E058A /* CategoryCell.swift */ = {isa = PBXFileReference; lastKnownFileType = sourcecode.swift; path = CategoryCell.swift; sourceTree = "<group>"; };
		AC6FE6DA2BBF4B4900230010 /* ShoppingCartViewController.swift */ = {isa = PBXFileReference; lastKnownFileType = sourcecode.swift; path = ShoppingCartViewController.swift; sourceTree = "<group>"; };
		AC6FE6DC2BBF4B5900230010 /* NavigationViewController.swift */ = {isa = PBXFileReference; lastKnownFileType = sourcecode.swift; path = NavigationViewController.swift; sourceTree = "<group>"; };
		AC6FE6DE2BBF4B6900230010 /* UserProfileViewController.swift */ = {isa = PBXFileReference; lastKnownFileType = sourcecode.swift; path = UserProfileViewController.swift; sourceTree = "<group>"; };
		AC6FE6E02BBF4BD600230010 /* TabBarController.swift */ = {isa = PBXFileReference; lastKnownFileType = sourcecode.swift; path = TabBarController.swift; sourceTree = "<group>"; };
		AC7127332BBBE15A001FC126 /* UserProfileView.swift */ = {isa = PBXFileReference; lastKnownFileType = sourcecode.swift; path = UserProfileView.swift; sourceTree = "<group>"; };
		ACA8B3CF2BBEFF0E00918E5A /* ProductCell.swift */ = {isa = PBXFileReference; lastKnownFileType = sourcecode.swift; path = ProductCell.swift; sourceTree = "<group>"; };
		ACA8B3D12BBF04E800918E5A /* MainViewController.swift */ = {isa = PBXFileReference; lastKnownFileType = sourcecode.swift; path = MainViewController.swift; sourceTree = "<group>"; };
		ACA8B3D42BBF112800918E5A /* UIColor.swift */ = {isa = PBXFileReference; lastKnownFileType = sourcecode.swift; path = UIColor.swift; sourceTree = "<group>"; };
		ACC815342BBB39E60077640E /* User.swift */ = {isa = PBXFileReference; lastKnownFileType = sourcecode.swift; path = User.swift; sourceTree = "<group>"; };
		ACC815362BBB47250077640E /* UserViewController.swift */ = {isa = PBXFileReference; lastKnownFileType = sourcecode.swift; path = UserViewController.swift; sourceTree = "<group>"; };
		ACFD8B952BBD6740009DD2B2 /* AuthorizationViewController.swift */ = {isa = PBXFileReference; lastKnownFileType = sourcecode.swift; path = AuthorizationViewController.swift; sourceTree = "<group>"; };
/* End PBXFileReference section */

/* Begin PBXFrameworksBuildPhase section */
		AC40C9C52BB98CD20045CD1A /* Frameworks */ = {
			isa = PBXFrameworksBuildPhase;
			buildActionMask = 2147483647;
			files = (
				AC40C9E92BB9D41B0045CD1A /* SnapKit in Frameworks */,
			);
			runOnlyForDeploymentPostprocessing = 0;
		};
/* End PBXFrameworksBuildPhase section */

/* Begin PBXGroup section */
		AC40C9BF2BB98CD20045CD1A = {
			isa = PBXGroup;
			children = (
				AC40C9CA2BB98CD20045CD1A /* MyStoreProject */,
				AC40C9C92BB98CD20045CD1A /* Products */,
			);
			sourceTree = "<group>";
		};
		AC40C9C92BB98CD20045CD1A /* Products */ = {
			isa = PBXGroup;
			children = (
				AC40C9C82BB98CD20045CD1A /* MyStoreProject.app */,
			);
			name = Products;
			sourceTree = "<group>";
		};
		AC40C9CA2BB98CD20045CD1A /* MyStoreProject */ = {
			isa = PBXGroup;
			children = (
				ACA8B3D32BBF110000918E5A /* UIColor */,
				AC40C9DF2BB98D030045CD1A /* App */,
				AC6AEAB02BBBF577008E058A /* WorkFlow */,
				AC40C9E12BB98E870045CD1A /* Modules */,
				AC40C9E02BB98D160045CD1A /* Resource */,
				AC40C9D92BB98CD50045CD1A /* Info.plist */,
			);
			path = MyStoreProject;
			sourceTree = "<group>";
		};
		AC40C9DF2BB98D030045CD1A /* App */ = {
			isa = PBXGroup;
			children = (
				AC40C9CB2BB98CD20045CD1A /* AppDelegate.swift */,
				AC40C9CD2BB98CD20045CD1A /* SceneDelegate.swift */,
			);
			path = App;
			sourceTree = "<group>";
		};
		AC40C9E02BB98D160045CD1A /* Resource */ = {
			isa = PBXGroup;
			children = (
				AC40C9D42BB98CD50045CD1A /* Assets.xcassets */,
				AC40C9D62BB98CD50045CD1A /* LaunchScreen.storyboard */,
			);
			path = Resource;
			sourceTree = "<group>";
		};
		AC40C9E12BB98E870045CD1A /* Modules */ = {
			isa = PBXGroup;
			children = (
				ACC815332BBB39C70077640E /* UserProfile */,
				AC40C9E22BB98EEE0045CD1A /* Authorization */,
			);
			path = Modules;
			sourceTree = "<group>";
		};
		AC40C9E22BB98EEE0045CD1A /* Authorization */ = {
			isa = PBXGroup;
			children = (
				AC40C9CF2BB98CD20045CD1A /* UserAuthorizationViewController.swift */,
				AC40C9E32BB9CFEB0045CD1A /* UserSessionManager.swift */,
				AC40C9E52BB9D04F0045CD1A /* UserAuthorizationView.swift */,
			);
			path = Authorization;
			sourceTree = "<group>";
		};
		AC4C08672BBFF30300F9FEB5 /* DTO */ = {
			isa = PBXGroup;
			children = (
				AC4C08692BBFF59A00F9FEB5 /* Product.json */,
				AC4C086A2BBFF73D00F9FEB5 /* ProductModel.swift */,
				AC4C086C2BBFF96800F9FEB5 /* JSONParser.swift */,
			);
			path = DTO;
			sourceTree = "<group>";
		};
		AC6AEAB02BBBF577008E058A /* WorkFlow */ = {
			isa = PBXGroup;
			children = (
				AC6AEAB22BBBF70F008E058A /* Main Page */,
				AC6AEAB12BBBF5A0008E058A /* Registration and Authorization */,
			);
			path = WorkFlow;
			sourceTree = "<group>";
		};
		AC6AEAB12BBBF5A0008E058A /* Registration and Authorization */ = {
			isa = PBXGroup;
			children = (
				AC6AEAB72BBBF7A3008E058A /* Splash */,
				AC6AEAB62BBBF76E008E058A /* Registration */,
				AC6AEAB52BBBF75F008E058A /* Authorization */,
			);
			path = "Registration and Authorization";
			sourceTree = "<group>";
		};
		AC6AEAB22BBBF70F008E058A /* Main Page */ = {
			isa = PBXGroup;
			children = (
				AC4C08672BBFF30300F9FEB5 /* DTO */,
				AC6FE6D92BBF49F900230010 /* TabBar */,
				ACA8B3CE2BBEFDFD00918E5A /* Cells */,
				ACA8B3D12BBF04E800918E5A /* MainViewController.swift */,
				AC504CF62BC176D10038DAD7 /* DescriptionViewController.swift */,
			);
			path = "Main Page";
			sourceTree = "<group>";
		};
		AC6AEAB52BBBF75F008E058A /* Authorization */ = {
			isa = PBXGroup;
			children = (
				AC6AEABA2BBBFF51008E058A /* AuthorizationView.swift */,
				ACFD8B952BBD6740009DD2B2 /* AuthorizationViewController.swift */,
			);
			path = Authorization;
			sourceTree = "<group>";
		};
		AC6AEAB62BBBF76E008E058A /* Registration */ = {
			isa = PBXGroup;
			children = (
			);
			path = Registration;
			sourceTree = "<group>";
		};
		AC6AEAB72BBBF7A3008E058A /* Splash */ = {
			isa = PBXGroup;
			children = (
				AC6AEAB82BBBF7D1008E058A /* SplashView.swift */,
				AC6AEABC2BBC02AA008E058A /* SplashViewController.swift */,
			);
			path = Splash;
			sourceTree = "<group>";
		};
		AC6FE6D92BBF49F900230010 /* TabBar */ = {
			isa = PBXGroup;
			children = (
				AC6FE6E02BBF4BD600230010 /* TabBarController.swift */,
				AC6FE6DA2BBF4B4900230010 /* ShoppingCartViewController.swift */,
				AC6FE6DC2BBF4B5900230010 /* NavigationViewController.swift */,
				AC6FE6DE2BBF4B6900230010 /* UserProfileViewController.swift */,
			);
			path = TabBar;
			sourceTree = "<group>";
		};
		ACA8B3CE2BBEFDFD00918E5A /* Cells */ = {
			isa = PBXGroup;
			children = (
				AC6AEAC02BBC14BB008E058A /* CategoryCell.swift */,
				ACA8B3CF2BBEFF0E00918E5A /* ProductCell.swift */,
				AC504CF82BC17B510038DAD7 /* Model.swift */,
			);
			path = Cells;
			sourceTree = "<group>";
		};
		ACA8B3D32BBF110000918E5A /* UIColor */ = {
			isa = PBXGroup;
			children = (
				ACA8B3D42BBF112800918E5A /* UIColor.swift */,
			);
			path = UIColor;
			sourceTree = "<group>";
		};
		ACC815332BBB39C70077640E /* UserProfile */ = {
			isa = PBXGroup;
			children = (
				ACC815342BBB39E60077640E /* User.swift */,
				ACC815362BBB47250077640E /* UserViewController.swift */,
				AC7127332BBBE15A001FC126 /* UserProfileView.swift */,
			);
			path = UserProfile;
			sourceTree = "<group>";
		};
/* End PBXGroup section */

/* Begin PBXNativeTarget section */
		AC40C9C72BB98CD20045CD1A /* MyStoreProject */ = {
			isa = PBXNativeTarget;
			buildConfigurationList = AC40C9DC2BB98CD50045CD1A /* Build configuration list for PBXNativeTarget "MyStoreProject" */;
			buildPhases = (
				AC40C9C42BB98CD20045CD1A /* Sources */,
				AC40C9C52BB98CD20045CD1A /* Frameworks */,
				AC40C9C62BB98CD20045CD1A /* Resources */,
			);
			buildRules = (
			);
			dependencies = (
			);
			name = MyStoreProject;
			packageProductDependencies = (
				AC40C9E82BB9D41B0045CD1A /* SnapKit */,
			);
			productName = MyStoreProject;
			productReference = AC40C9C82BB98CD20045CD1A /* MyStoreProject.app */;
			productType = "com.apple.product-type.application";
		};
/* End PBXNativeTarget section */

/* Begin PBXProject section */
		AC40C9C02BB98CD20045CD1A /* Project object */ = {
			isa = PBXProject;
			attributes = {
				BuildIndependentTargetsInParallel = 1;
				LastSwiftUpdateCheck = 1530;
				LastUpgradeCheck = 1530;
				TargetAttributes = {
					AC40C9C72BB98CD20045CD1A = {
						CreatedOnToolsVersion = 15.3;
					};
				};
			};
			buildConfigurationList = AC40C9C32BB98CD20045CD1A /* Build configuration list for PBXProject "MyStoreProject" */;
			compatibilityVersion = "Xcode 14.0";
			developmentRegion = en;
			hasScannedForEncodings = 0;
			knownRegions = (
				en,
				Base,
			);
			mainGroup = AC40C9BF2BB98CD20045CD1A;
			packageReferences = (
				AC40C9E72BB9D41B0045CD1A /* XCRemoteSwiftPackageReference "SnapKit" */,
			);
			productRefGroup = AC40C9C92BB98CD20045CD1A /* Products */;
			projectDirPath = "";
			projectRoot = "";
			targets = (
				AC40C9C72BB98CD20045CD1A /* MyStoreProject */,
			);
		};
/* End PBXProject section */

/* Begin PBXResourcesBuildPhase section */
		AC40C9C62BB98CD20045CD1A /* Resources */ = {
			isa = PBXResourcesBuildPhase;
			buildActionMask = 2147483647;
			files = (
				AC40C9D52BB98CD50045CD1A /* Assets.xcassets in Resources */,
				AC4C086E2BC006EC00F9FEB5 /* Product.json in Resources */,
				AC40C9D82BB98CD50045CD1A /* Base in Resources */,
			);
			runOnlyForDeploymentPostprocessing = 0;
		};
/* End PBXResourcesBuildPhase section */

/* Begin PBXSourcesBuildPhase section */
		AC40C9C42BB98CD20045CD1A /* Sources */ = {
			isa = PBXSourcesBuildPhase;
			buildActionMask = 2147483647;
			files = (
				ACFD8B962BBD6740009DD2B2 /* AuthorizationViewController.swift in Sources */,
				AC6FE6DB2BBF4B4900230010 /* ShoppingCartViewController.swift in Sources */,
				AC6FE6DF2BBF4B6900230010 /* UserProfileViewController.swift in Sources */,
				AC6AEABB2BBBFF51008E058A /* AuthorizationView.swift in Sources */,
				AC40C9D02BB98CD20045CD1A /* UserAuthorizationViewController.swift in Sources */,
				AC6AEABD2BBC02AA008E058A /* SplashViewController.swift in Sources */,
				AC40C9E42BB9CFEB0045CD1A /* UserSessionManager.swift in Sources */,
				ACA8B3D52BBF112800918E5A /* UIColor.swift in Sources */,
				ACC815372BBB47250077640E /* UserViewController.swift in Sources */,
				AC6AEAC12BBC14BB008E058A /* CategoryCell.swift in Sources */,
				AC7127342BBBE15A001FC126 /* UserProfileView.swift in Sources */,
				ACC815352BBB39E60077640E /* User.swift in Sources */,
				AC40C9CC2BB98CD20045CD1A /* AppDelegate.swift in Sources */,
				AC6FE6E12BBF4BD600230010 /* TabBarController.swift in Sources */,
				AC4C086D2BBFF96800F9FEB5 /* JSONParser.swift in Sources */,
				AC504CF92BC17B510038DAD7 /* Model.swift in Sources */,
				AC6FE6DD2BBF4B5900230010 /* NavigationViewController.swift in Sources */,
				ACA8B3D22BBF04E800918E5A /* MainViewController.swift in Sources */,
				AC6AEAB92BBBF7D1008E058A /* SplashView.swift in Sources */,
				AC40C9E62BB9D04F0045CD1A /* UserAuthorizationView.swift in Sources */,
				AC40C9CE2BB98CD20045CD1A /* SceneDelegate.swift in Sources */,
				AC4C086B2BBFF73D00F9FEB5 /* ProductModel.swift in Sources */,
				AC504CF72BC176D10038DAD7 /* DescriptionViewController.swift in Sources */,
				ACA8B3D02BBEFF0E00918E5A /* ProductCell.swift in Sources */,
			);
			runOnlyForDeploymentPostprocessing = 0;
		};
/* End PBXSourcesBuildPhase section */

/* Begin PBXVariantGroup section */
		AC40C9D62BB98CD50045CD1A /* LaunchScreen.storyboard */ = {
			isa = PBXVariantGroup;
			children = (
				AC40C9D72BB98CD50045CD1A /* Base */,
			);
			name = LaunchScreen.storyboard;
			sourceTree = "<group>";
		};
/* End PBXVariantGroup section */

/* Begin XCBuildConfiguration section */
		AC40C9DA2BB98CD50045CD1A /* Debug */ = {
			isa = XCBuildConfiguration;
			buildSettings = {
				ALWAYS_SEARCH_USER_PATHS = NO;
				ASSETCATALOG_COMPILER_GENERATE_SWIFT_ASSET_SYMBOL_EXTENSIONS = YES;
				CLANG_ANALYZER_NONNULL = YES;
				CLANG_ANALYZER_NUMBER_OBJECT_CONVERSION = YES_AGGRESSIVE;
				CLANG_CXX_LANGUAGE_STANDARD = "gnu++20";
				CLANG_ENABLE_MODULES = YES;
				CLANG_ENABLE_OBJC_ARC = YES;
				CLANG_ENABLE_OBJC_WEAK = YES;
				CLANG_WARN_BLOCK_CAPTURE_AUTORELEASING = YES;
				CLANG_WARN_BOOL_CONVERSION = YES;
				CLANG_WARN_COMMA = YES;
				CLANG_WARN_CONSTANT_CONVERSION = YES;
				CLANG_WARN_DEPRECATED_OBJC_IMPLEMENTATIONS = YES;
				CLANG_WARN_DIRECT_OBJC_ISA_USAGE = YES_ERROR;
				CLANG_WARN_DOCUMENTATION_COMMENTS = YES;
				CLANG_WARN_EMPTY_BODY = YES;
				CLANG_WARN_ENUM_CONVERSION = YES;
				CLANG_WARN_INFINITE_RECURSION = YES;
				CLANG_WARN_INT_CONVERSION = YES;
				CLANG_WARN_NON_LITERAL_NULL_CONVERSION = YES;
				CLANG_WARN_OBJC_IMPLICIT_RETAIN_SELF = YES;
				CLANG_WARN_OBJC_LITERAL_CONVERSION = YES;
				CLANG_WARN_OBJC_ROOT_CLASS = YES_ERROR;
				CLANG_WARN_QUOTED_INCLUDE_IN_FRAMEWORK_HEADER = YES;
				CLANG_WARN_RANGE_LOOP_ANALYSIS = YES;
				CLANG_WARN_STRICT_PROTOTYPES = YES;
				CLANG_WARN_SUSPICIOUS_MOVE = YES;
				CLANG_WARN_UNGUARDED_AVAILABILITY = YES_AGGRESSIVE;
				CLANG_WARN_UNREACHABLE_CODE = YES;
				CLANG_WARN__DUPLICATE_METHOD_MATCH = YES;
				COPY_PHASE_STRIP = NO;
				DEBUG_INFORMATION_FORMAT = dwarf;
				ENABLE_STRICT_OBJC_MSGSEND = YES;
				ENABLE_TESTABILITY = YES;
				ENABLE_USER_SCRIPT_SANDBOXING = YES;
				GCC_C_LANGUAGE_STANDARD = gnu17;
				GCC_DYNAMIC_NO_PIC = NO;
				GCC_NO_COMMON_BLOCKS = YES;
				GCC_OPTIMIZATION_LEVEL = 0;
				GCC_PREPROCESSOR_DEFINITIONS = (
					"DEBUG=1",
					"$(inherited)",
				);
				GCC_WARN_64_TO_32_BIT_CONVERSION = YES;
				GCC_WARN_ABOUT_RETURN_TYPE = YES_ERROR;
				GCC_WARN_UNDECLARED_SELECTOR = YES;
				GCC_WARN_UNINITIALIZED_AUTOS = YES_AGGRESSIVE;
				GCC_WARN_UNUSED_FUNCTION = YES;
				GCC_WARN_UNUSED_VARIABLE = YES;
				IPHONEOS_DEPLOYMENT_TARGET = 17.4;
				LOCALIZATION_PREFERS_STRING_CATALOGS = YES;
				MTL_ENABLE_DEBUG_INFO = INCLUDE_SOURCE;
				MTL_FAST_MATH = YES;
				ONLY_ACTIVE_ARCH = YES;
				SDKROOT = iphoneos;
				SWIFT_ACTIVE_COMPILATION_CONDITIONS = "DEBUG $(inherited)";
				SWIFT_OPTIMIZATION_LEVEL = "-Onone";
			};
			name = Debug;
		};
		AC40C9DB2BB98CD50045CD1A /* Release */ = {
			isa = XCBuildConfiguration;
			buildSettings = {
				ALWAYS_SEARCH_USER_PATHS = NO;
				ASSETCATALOG_COMPILER_GENERATE_SWIFT_ASSET_SYMBOL_EXTENSIONS = YES;
				CLANG_ANALYZER_NONNULL = YES;
				CLANG_ANALYZER_NUMBER_OBJECT_CONVERSION = YES_AGGRESSIVE;
				CLANG_CXX_LANGUAGE_STANDARD = "gnu++20";
				CLANG_ENABLE_MODULES = YES;
				CLANG_ENABLE_OBJC_ARC = YES;
				CLANG_ENABLE_OBJC_WEAK = YES;
				CLANG_WARN_BLOCK_CAPTURE_AUTORELEASING = YES;
				CLANG_WARN_BOOL_CONVERSION = YES;
				CLANG_WARN_COMMA = YES;
				CLANG_WARN_CONSTANT_CONVERSION = YES;
				CLANG_WARN_DEPRECATED_OBJC_IMPLEMENTATIONS = YES;
				CLANG_WARN_DIRECT_OBJC_ISA_USAGE = YES_ERROR;
				CLANG_WARN_DOCUMENTATION_COMMENTS = YES;
				CLANG_WARN_EMPTY_BODY = YES;
				CLANG_WARN_ENUM_CONVERSION = YES;
				CLANG_WARN_INFINITE_RECURSION = YES;
				CLANG_WARN_INT_CONVERSION = YES;
				CLANG_WARN_NON_LITERAL_NULL_CONVERSION = YES;
				CLANG_WARN_OBJC_IMPLICIT_RETAIN_SELF = YES;
				CLANG_WARN_OBJC_LITERAL_CONVERSION = YES;
				CLANG_WARN_OBJC_ROOT_CLASS = YES_ERROR;
				CLANG_WARN_QUOTED_INCLUDE_IN_FRAMEWORK_HEADER = YES;
				CLANG_WARN_RANGE_LOOP_ANALYSIS = YES;
				CLANG_WARN_STRICT_PROTOTYPES = YES;
				CLANG_WARN_SUSPICIOUS_MOVE = YES;
				CLANG_WARN_UNGUARDED_AVAILABILITY = YES_AGGRESSIVE;
				CLANG_WARN_UNREACHABLE_CODE = YES;
				CLANG_WARN__DUPLICATE_METHOD_MATCH = YES;
				COPY_PHASE_STRIP = NO;
				DEBUG_INFORMATION_FORMAT = "dwarf-with-dsym";
				ENABLE_NS_ASSERTIONS = NO;
				ENABLE_STRICT_OBJC_MSGSEND = YES;
				ENABLE_USER_SCRIPT_SANDBOXING = YES;
				GCC_C_LANGUAGE_STANDARD = gnu17;
				GCC_NO_COMMON_BLOCKS = YES;
				GCC_WARN_64_TO_32_BIT_CONVERSION = YES;
				GCC_WARN_ABOUT_RETURN_TYPE = YES_ERROR;
				GCC_WARN_UNDECLARED_SELECTOR = YES;
				GCC_WARN_UNINITIALIZED_AUTOS = YES_AGGRESSIVE;
				GCC_WARN_UNUSED_FUNCTION = YES;
				GCC_WARN_UNUSED_VARIABLE = YES;
				IPHONEOS_DEPLOYMENT_TARGET = 17.4;
				LOCALIZATION_PREFERS_STRING_CATALOGS = YES;
				MTL_ENABLE_DEBUG_INFO = NO;
				MTL_FAST_MATH = YES;
				SDKROOT = iphoneos;
				SWIFT_COMPILATION_MODE = wholemodule;
				VALIDATE_PRODUCT = YES;
			};
			name = Release;
		};
		AC40C9DD2BB98CD50045CD1A /* Debug */ = {
			isa = XCBuildConfiguration;
			buildSettings = {
				ASSETCATALOG_COMPILER_APPICON_NAME = AppIcon;
				ASSETCATALOG_COMPILER_GLOBAL_ACCENT_COLOR_NAME = AccentColor;
				CODE_SIGN_STYLE = Automatic;
				CURRENT_PROJECT_VERSION = 1;
				GENERATE_INFOPLIST_FILE = YES;
				INFOPLIST_FILE = MyStoreProject/Info.plist;
				INFOPLIST_KEY_UIApplicationSupportsIndirectInputEvents = YES;
				INFOPLIST_KEY_UILaunchStoryboardName = LaunchScreen;
				INFOPLIST_KEY_UISupportedInterfaceOrientations_iPad = "UIInterfaceOrientationPortrait UIInterfaceOrientationPortraitUpsideDown UIInterfaceOrientationLandscapeLeft UIInterfaceOrientationLandscapeRight";
				INFOPLIST_KEY_UISupportedInterfaceOrientations_iPhone = "UIInterfaceOrientationPortrait UIInterfaceOrientationLandscapeLeft UIInterfaceOrientationLandscapeRight";
				IPHONEOS_DEPLOYMENT_TARGET = 17.4;
				LD_RUNPATH_SEARCH_PATHS = (
					"$(inherited)",
					"@executable_path/Frameworks",
				);
				MARKETING_VERSION = 1.0;
				PRODUCT_BUNDLE_IDENTIFIER = com.erma.MyStoreProject;
				PRODUCT_NAME = "$(TARGET_NAME)";
				SWIFT_EMIT_LOC_STRINGS = YES;
				SWIFT_VERSION = 5.0;
				TARGETED_DEVICE_FAMILY = "1,2";
			};
			name = Debug;
		};
		AC40C9DE2BB98CD50045CD1A /* Release */ = {
			isa = XCBuildConfiguration;
			buildSettings = {
				ASSETCATALOG_COMPILER_APPICON_NAME = AppIcon;
				ASSETCATALOG_COMPILER_GLOBAL_ACCENT_COLOR_NAME = AccentColor;
				CODE_SIGN_STYLE = Automatic;
				CURRENT_PROJECT_VERSION = 1;
				GENERATE_INFOPLIST_FILE = YES;
				INFOPLIST_FILE = MyStoreProject/Info.plist;
				INFOPLIST_KEY_UIApplicationSupportsIndirectInputEvents = YES;
				INFOPLIST_KEY_UILaunchStoryboardName = LaunchScreen;
				INFOPLIST_KEY_UISupportedInterfaceOrientations_iPad = "UIInterfaceOrientationPortrait UIInterfaceOrientationPortraitUpsideDown UIInterfaceOrientationLandscapeLeft UIInterfaceOrientationLandscapeRight";
				INFOPLIST_KEY_UISupportedInterfaceOrientations_iPhone = "UIInterfaceOrientationPortrait UIInterfaceOrientationLandscapeLeft UIInterfaceOrientationLandscapeRight";
				IPHONEOS_DEPLOYMENT_TARGET = 17.4;
				LD_RUNPATH_SEARCH_PATHS = (
					"$(inherited)",
					"@executable_path/Frameworks",
				);
				MARKETING_VERSION = 1.0;
				PRODUCT_BUNDLE_IDENTIFIER = com.erma.MyStoreProject;
				PRODUCT_NAME = "$(TARGET_NAME)";
				SWIFT_EMIT_LOC_STRINGS = YES;
				SWIFT_VERSION = 5.0;
				TARGETED_DEVICE_FAMILY = "1,2";
			};
			name = Release;
		};
/* End XCBuildConfiguration section */

/* Begin XCConfigurationList section */
		AC40C9C32BB98CD20045CD1A /* Build configuration list for PBXProject "MyStoreProject" */ = {
			isa = XCConfigurationList;
			buildConfigurations = (
				AC40C9DA2BB98CD50045CD1A /* Debug */,
				AC40C9DB2BB98CD50045CD1A /* Release */,
			);
			defaultConfigurationIsVisible = 0;
			defaultConfigurationName = Release;
		};
		AC40C9DC2BB98CD50045CD1A /* Build configuration list for PBXNativeTarget "MyStoreProject" */ = {
			isa = XCConfigurationList;
			buildConfigurations = (
				AC40C9DD2BB98CD50045CD1A /* Debug */,
				AC40C9DE2BB98CD50045CD1A /* Release */,
			);
			defaultConfigurationIsVisible = 0;
			defaultConfigurationName = Release;
		};
/* End XCConfigurationList section */

/* Begin XCRemoteSwiftPackageReference section */
		AC40C9E72BB9D41B0045CD1A /* XCRemoteSwiftPackageReference "SnapKit" */ = {
			isa = XCRemoteSwiftPackageReference;
			repositoryURL = "https://github.com/SnapKit/SnapKit.git";
			requirement = {
				kind = upToNextMajorVersion;
				minimumVersion = 5.7.1;
			};
		};
/* End XCRemoteSwiftPackageReference section */

/* Begin XCSwiftPackageProductDependency section */
		AC40C9E82BB9D41B0045CD1A /* SnapKit */ = {
			isa = XCSwiftPackageProductDependency;
			package = AC40C9E72BB9D41B0045CD1A /* XCRemoteSwiftPackageReference "SnapKit" */;
			productName = SnapKit;
		};
/* End XCSwiftPackageProductDependency section */
	};
	rootObject = AC40C9C02BB98CD20045CD1A /* Project object */;
}
